PODS:
  - FileExplorer (1.0.4)

DEPENDENCIES:
  - FileExplorer (from `./../FileExplorer.podspec.json`)

EXTERNAL SOURCES:
  FileExplorer:
    :path: "./../FileExplorer.podspec.json"

SPEC CHECKSUMS:
  FileExplorer: 9869dc386f080fa7c05083370b07ec0c8a4ced3f

PODFILE CHECKSUM: ef0ee3e93f47946fc215b54172881991755dead0

COCOAPODS: 1.8.0
